
Microsoft Visual Studio Solution File, Format Version 12.00
Project("{2150E333-8FDC-42A3-9474-1A3956D46DE8}") = "BuildingBlocks", "BuildingBlocks", "{CFE5C235-CAB4-4A9F-8D16-0FA865B65B2F}"
EndProject
Project("{FAE04EC0-301F-11D3-BF4B-00C04F79EFBC}") = "Shared", "src\BuildingBlocks\Shared\Shared.csproj", "{844D8686-3CF9-4B6D-9912-15ADEC8E6108}"
EndProject
Project("{FAE04EC0-301F-11D3-BF4B-00C04F79EFBC}") = "Configuration.Vault", "src\BuildingBlocks\Configuration.Vault\Configuration.Vault.csproj", "{33300773-3FE6-44FC-A483-C5041ED39421}"
EndProject
Project("{FAE04EC0-301F-11D3-BF4B-00C04F79EFBC}") = "EfCore", "src\BuildingBlocks\EfCore\EfCore.csproj", "{6B74B291-BAE0-446B-9C7A-3AFA78D6ECF0}"
EndProject
Project("{FAE04EC0-301F-11D3-BF4B-00C04F79EFBC}") = "Email.MailKit", "src\BuildingBlocks\Email.MailKit\Email.MailKit.csproj", "{BAEF343C-D39C-433F-8C71-087376565B36}"
EndProject
Project("{FAE04EC0-301F-11D3-BF4B-00C04F79EFBC}") = "Email.MailKit.Tests", "src\BuildingBlocks\Email.MailKit.Tests\Email.MailKit.Tests.csproj", "{631DDC4A-815A-4164-A61D-43147F1F7F8C}"
EndProject
Project("{FAE04EC0-301F-11D3-BF4B-00C04F79EFBC}") = "GraphQl", "src\BuildingBlocks\GraphQl\GraphQl.csproj", "{47F5D4F5-CA52-4B10-A374-9978A46B8D46}"
EndProject
Project("{FAE04EC0-301F-11D3-BF4B-00C04F79EFBC}") = "Configuration.MassTransit", "src\BuildingBlocks\Configuration.MassTransit\Configuration.MassTransit.csproj", "{EB910112-72CE-4EF6-9877-76BCBF4A8AD8}"
EndProject
Project("{FAE04EC0-301F-11D3-BF4B-00C04F79EFBC}") = "Configuration.OpenTelemetry", "src\BuildingBlocks\Configuration.OpenTelemetry\Configuration.OpenTelemetry.csproj", "{0C9A80E3-A2CD-48AB-B112-455903CAF419}"
EndProject
Project("{FAE04EC0-301F-11D3-BF4B-00C04F79EFBC}") = "Configuration.Metrics", "src\BuildingBlocks\Configuration.Metrics\Configuration.Metrics.csproj", "{DE1C57FD-FD67-414E-BB3E-1567C2ED3CE7}"
EndProject
Project("{2150E333-8FDC-42A3-9474-1A3956D46DE8}") = "Identity", "Identity", "{5B30D683-F8ED-4CF3-9CDB-E1253F6454F5}"
EndProject
Project("{FAE04EC0-301F-11D3-BF4B-00C04F79EFBC}") = "IdentityServer", "src\Identity\IdentityServer\IdentityServer.csproj", "{FA6F76E6-841E-427A-9418-4FAC3D170AB2}"
EndProject
Project("{2150E333-8FDC-42A3-9474-1A3956D46DE8}") = "_schema", "_schema", "{BDCCEE88-1E76-424E-BC48-07C19AAA9405}"
EndProject
Project("{2150E333-8FDC-42A3-9474-1A3956D46DE8}") = "proto", "proto", "{1EDD5DDB-B264-4546-BE9E-9F618E5138AA}"
EndProject
Project("{2150E333-8FDC-42A3-9474-1A3956D46DE8}") = "promag", "promag", "{6F40B565-6EFB-4597-9A66-3B88760243A8}"
EndProject
Project("{2150E333-8FDC-42A3-9474-1A3956D46DE8}") = "common", "common", "{E32B8D7E-7BB1-4C1D-91BA-E570521F6D5B}"
EndProject
Project("{2150E333-8FDC-42A3-9474-1A3956D46DE8}") = "v1", "v1", "{E7682D94-1887-4821-BA06-EA976E845C31}"
	ProjectSection(SolutionItems) = preProject
		src\_schema\proto\promag\common\v1\common.proto = src\_schema\proto\promag\common\v1\common.proto
	EndProjectSection
EndProject
Project("{2150E333-8FDC-42A3-9474-1A3956D46DE8}") = "Communication", "Communication", "{AA17CD2E-7794-4D5F-A3DC-F34CC4571896}"
EndProject
Project("{FAE04EC0-301F-11D3-BF4B-00C04F79EFBC}") = "Communication", "src\Communication\Communication\Communication.csproj", "{E1E7D32C-D9FF-4477-99E6-592240BCA153}"
EndProject
Project("{2150E333-8FDC-42A3-9474-1A3956D46DE8}") = "identity", "identity", "{9E94216F-7BBC-4001-98E9-22FD99E29754}"
EndProject
Project("{2150E333-8FDC-42A3-9474-1A3956D46DE8}") = "v1", "v1", "{77498B27-F9D5-4EA6-9B37-219843C9E0A9}"
	ProjectSection(SolutionItems) = preProject
		src\_schema\proto\promag\identity\v1\identity_api.proto = src\_schema\proto\promag\identity\v1\identity_api.proto
	EndProjectSection
EndProject
Project("{2150E333-8FDC-42A3-9474-1A3956D46DE8}") = "communication", "communication", "{57209ED3-959C-4E13-8184-A3579EF53567}"
EndProject
Project("{2150E333-8FDC-42A3-9474-1A3956D46DE8}") = "v1", "v1", "{75C862B2-E258-433B-94C7-E5B4AB1B104C}"
	ProjectSection(SolutionItems) = preProject
		src\_schema\proto\promag\communication\v1\communication_api.proto = src\_schema\proto\promag\communication\v1\communication_api.proto
	EndProjectSection
EndProject
Project("{FAE04EC0-301F-11D3-BF4B-00C04F79EFBC}") = "Communication.Api", "src\Communication\Communication.Api\Communication.Api.csproj", "{DE095302-D0C7-4C69-A8AE-E524350717BD}"
EndProject
Project("{2150E333-8FDC-42A3-9474-1A3956D46DE8}") = "MasterData", "MasterData", "{37636323-8448-4A54-B3B8-934B446B3187}"
EndProject
Project("{FAE04EC0-301F-11D3-BF4B-00C04F79EFBC}") = "MasterData", "src\MasterData\MasterData\MasterData.csproj", "{83AE2CD4-5955-47D2-A585-C0286D7CF111}"
EndProject
Project("{2150E333-8FDC-42A3-9474-1A3956D46DE8}") = "master_data", "master_data", "{89204F4F-883D-42DF-99DB-BD05510C2167}"
EndProject
Project("{2150E333-8FDC-42A3-9474-1A3956D46DE8}") = "v1", "v1", "{930C8BFC-B190-464B-9537-62F8CE4BAF17}"
	ProjectSection(SolutionItems) = preProject
		src\_schema\proto\promag\master_data\v1\master_data_api.proto = src\_schema\proto\promag\master_data\v1\master_data_api.proto
	EndProjectSection
EndProject
Project("{FAE04EC0-301F-11D3-BF4B-00C04F79EFBC}") = "MasterData.Api", "src\MasterData\MasterData.Api\MasterData.Api.csproj", "{72062413-236A-4BCE-BE40-BF7CC61B1701}"
EndProject
Project("{2150E333-8FDC-42A3-9474-1A3956D46DE8}") = "ServiceStatus", "ServiceStatus", "{D8287015-F0F9-49C7-A07E-80652B961933}"
EndProject
Project("{FAE04EC0-301F-11D3-BF4B-00C04F79EFBC}") = "ServiceStatus", "src\ServiceStatus\ServiceStatus.csproj", "{5E90E7CC-200C-4488-BE42-D48040184ADD}"
EndProject
Project("{2150E333-8FDC-42A3-9474-1A3956D46DE8}") = "PersonalData", "PersonalData", "{B5876F82-BF50-494B-B1D5-EB9F598AB203}"
EndProject
Project("{FAE04EC0-301F-11D3-BF4B-00C04F79EFBC}") = "PersonalData", "src\PersonalData\PersonalData\PersonalData.csproj", "{0E069FA6-6C57-4BBC-8C4E-2A246E03E23A}"
EndProject
Project("{2150E333-8FDC-42A3-9474-1A3956D46DE8}") = "personal_data", "personal_data", "{1F92ADC7-02D0-4603-8AAF-FE5CFF5A94A2}"
EndProject
Project("{2150E333-8FDC-42A3-9474-1A3956D46DE8}") = "v1", "v1", "{15F0A6D7-F250-4675-B41F-0EB6572234A3}"
	ProjectSection(SolutionItems) = preProject
		src\_schema\proto\promag\personal_data\v1\personal_data_api.proto = src\_schema\proto\promag\personal_data\v1\personal_data_api.proto
	EndProjectSection
EndProject
Project("{2150E333-8FDC-42A3-9474-1A3956D46DE8}") = "pagination", "pagination", "{7D388E96-5A50-4C13-9239-2C1B3EDC9F63}"
EndProject
Project("{2150E333-8FDC-42A3-9474-1A3956D46DE8}") = "v1", "v1", "{2FA0A38F-AA69-4FE5-A1E5-153D327EF662}"
	ProjectSection(SolutionItems) = preProject
		src\_schema\proto\promag\pagination\v1\pagination.proto = src\_schema\proto\promag\pagination\v1\pagination.proto
	EndProjectSection
EndProject
Project("{FAE04EC0-301F-11D3-BF4B-00C04F79EFBC}") = "PersonalData.Api", "src\PersonalData\PersonalData.Api\PersonalData.Api.csproj", "{B564A49F-4A54-43E9-8B66-A21413C9F532}"
EndProject
Project("{2150E333-8FDC-42A3-9474-1A3956D46DE8}") = "Gateways", "Gateways", "{DAB1E47C-C3F5-4866-8333-8A089F525FD1}"
	ProjectSection(SolutionItems) = preProject
		src\Gateways\Envoy\config\web-gateway\envoy.yaml = src\Gateways\Envoy\config\web-gateway\envoy.yaml
	EndProjectSection
EndProject
Project("{FAE04EC0-301F-11D3-BF4B-00C04F79EFBC}") = "GraphQl.Gateway", "src\Gateways\GraphQl.Gateway\GraphQl.Gateway.csproj", "{34BBD554-CE77-4CF5-9AFA-C77A504F51C4}"
EndProject
Project("{FAE04EC0-301F-11D3-BF4B-00C04F79EFBC}") = "PersonalData.FunctionalTests", "src\PersonalData\PersonalData.FunctionalTests\PersonalData.FunctionalTests.csproj", "{1BAE7488-F76B-45F1-81D6-39B60EF17C94}"
EndProject
Project("{FAE04EC0-301F-11D3-BF4B-00C04F79EFBC}") = "Communication.FunctionalTests", "src\Communication\Communication.FunctionalTests\Communication.FunctionalTests.csproj", "{19409D76-064C-4D52-9253-774328264FCB}"
EndProject
Global
	GlobalSection(SolutionConfigurationPlatforms) = preSolution
		Debug|Any CPU = Debug|Any CPU
		Release|Any CPU = Release|Any CPU
	EndGlobalSection
	GlobalSection(NestedProjects) = preSolution
		{844D8686-3CF9-4B6D-9912-15ADEC8E6108} = {CFE5C235-CAB4-4A9F-8D16-0FA865B65B2F}
		{33300773-3FE6-44FC-A483-C5041ED39421} = {CFE5C235-CAB4-4A9F-8D16-0FA865B65B2F}
		{6B74B291-BAE0-446B-9C7A-3AFA78D6ECF0} = {CFE5C235-CAB4-4A9F-8D16-0FA865B65B2F}
		{BAEF343C-D39C-433F-8C71-087376565B36} = {CFE5C235-CAB4-4A9F-8D16-0FA865B65B2F}
		{631DDC4A-815A-4164-A61D-43147F1F7F8C} = {CFE5C235-CAB4-4A9F-8D16-0FA865B65B2F}
		{47F5D4F5-CA52-4B10-A374-9978A46B8D46} = {CFE5C235-CAB4-4A9F-8D16-0FA865B65B2F}
		{EB910112-72CE-4EF6-9877-76BCBF4A8AD8} = {CFE5C235-CAB4-4A9F-8D16-0FA865B65B2F}
		{0C9A80E3-A2CD-48AB-B112-455903CAF419} = {CFE5C235-CAB4-4A9F-8D16-0FA865B65B2F}
		{DE1C57FD-FD67-414E-BB3E-1567C2ED3CE7} = {CFE5C235-CAB4-4A9F-8D16-0FA865B65B2F}
		{FA6F76E6-841E-427A-9418-4FAC3D170AB2} = {5B30D683-F8ED-4CF3-9CDB-E1253F6454F5}
		{1EDD5DDB-B264-4546-BE9E-9F618E5138AA} = {BDCCEE88-1E76-424E-BC48-07C19AAA9405}
		{6F40B565-6EFB-4597-9A66-3B88760243A8} = {1EDD5DDB-B264-4546-BE9E-9F618E5138AA}
		{E32B8D7E-7BB1-4C1D-91BA-E570521F6D5B} = {6F40B565-6EFB-4597-9A66-3B88760243A8}
		{E7682D94-1887-4821-BA06-EA976E845C31} = {E32B8D7E-7BB1-4C1D-91BA-E570521F6D5B}
		{E1E7D32C-D9FF-4477-99E6-592240BCA153} = {AA17CD2E-7794-4D5F-A3DC-F34CC4571896}
		{9E94216F-7BBC-4001-98E9-22FD99E29754} = {6F40B565-6EFB-4597-9A66-3B88760243A8}
		{77498B27-F9D5-4EA6-9B37-219843C9E0A9} = {9E94216F-7BBC-4001-98E9-22FD99E29754}
		{57209ED3-959C-4E13-8184-A3579EF53567} = {6F40B565-6EFB-4597-9A66-3B88760243A8}
		{75C862B2-E258-433B-94C7-E5B4AB1B104C} = {57209ED3-959C-4E13-8184-A3579EF53567}
		{DE095302-D0C7-4C69-A8AE-E524350717BD} = {AA17CD2E-7794-4D5F-A3DC-F34CC4571896}
		{83AE2CD4-5955-47D2-A585-C0286D7CF111} = {37636323-8448-4A54-B3B8-934B446B3187}
		{89204F4F-883D-42DF-99DB-BD05510C2167} = {6F40B565-6EFB-4597-9A66-3B88760243A8}
		{930C8BFC-B190-464B-9537-62F8CE4BAF17} = {89204F4F-883D-42DF-99DB-BD05510C2167}
		{72062413-236A-4BCE-BE40-BF7CC61B1701} = {37636323-8448-4A54-B3B8-934B446B3187}
		{5E90E7CC-200C-4488-BE42-D48040184ADD} = {D8287015-F0F9-49C7-A07E-80652B961933}
		{0E069FA6-6C57-4BBC-8C4E-2A246E03E23A} = {B5876F82-BF50-494B-B1D5-EB9F598AB203}
		{1F92ADC7-02D0-4603-8AAF-FE5CFF5A94A2} = {6F40B565-6EFB-4597-9A66-3B88760243A8}
		{15F0A6D7-F250-4675-B41F-0EB6572234A3} = {1F92ADC7-02D0-4603-8AAF-FE5CFF5A94A2}
		{7D388E96-5A50-4C13-9239-2C1B3EDC9F63} = {6F40B565-6EFB-4597-9A66-3B88760243A8}
		{2FA0A38F-AA69-4FE5-A1E5-153D327EF662} = {7D388E96-5A50-4C13-9239-2C1B3EDC9F63}
		{B564A49F-4A54-43E9-8B66-A21413C9F532} = {B5876F82-BF50-494B-B1D5-EB9F598AB203}
		{34BBD554-CE77-4CF5-9AFA-C77A504F51C4} = {DAB1E47C-C3F5-4866-8333-8A089F525FD1}
		{1BAE7488-F76B-45F1-81D6-39B60EF17C94} = {B5876F82-BF50-494B-B1D5-EB9F598AB203}
		{19409D76-064C-4D52-9253-774328264FCB} = {AA17CD2E-7794-4D5F-A3DC-F34CC4571896}
	EndGlobalSection
	GlobalSection(ProjectConfigurationPlatforms) = postSolution
		{844D8686-3CF9-4B6D-9912-15ADEC8E6108}.Debug|Any CPU.ActiveCfg = Debug|Any CPU
		{844D8686-3CF9-4B6D-9912-15ADEC8E6108}.Debug|Any CPU.Build.0 = Debug|Any CPU
		{844D8686-3CF9-4B6D-9912-15ADEC8E6108}.Release|Any CPU.ActiveCfg = Release|Any CPU
		{844D8686-3CF9-4B6D-9912-15ADEC8E6108}.Release|Any CPU.Build.0 = Release|Any CPU
		{33300773-3FE6-44FC-A483-C5041ED39421}.Debug|Any CPU.ActiveCfg = Debug|Any CPU
		{33300773-3FE6-44FC-A483-C5041ED39421}.Debug|Any CPU.Build.0 = Debug|Any CPU
		{33300773-3FE6-44FC-A483-C5041ED39421}.Release|Any CPU.ActiveCfg = Release|Any CPU
		{33300773-3FE6-44FC-A483-C5041ED39421}.Release|Any CPU.Build.0 = Release|Any CPU
		{6B74B291-BAE0-446B-9C7A-3AFA78D6ECF0}.Debug|Any CPU.ActiveCfg = Debug|Any CPU
		{6B74B291-BAE0-446B-9C7A-3AFA78D6ECF0}.Debug|Any CPU.Build.0 = Debug|Any CPU
		{6B74B291-BAE0-446B-9C7A-3AFA78D6ECF0}.Release|Any CPU.ActiveCfg = Release|Any CPU
		{6B74B291-BAE0-446B-9C7A-3AFA78D6ECF0}.Release|Any CPU.Build.0 = Release|Any CPU
		{BAEF343C-D39C-433F-8C71-087376565B36}.Debug|Any CPU.ActiveCfg = Debug|Any CPU
		{BAEF343C-D39C-433F-8C71-087376565B36}.Debug|Any CPU.Build.0 = Debug|Any CPU
		{BAEF343C-D39C-433F-8C71-087376565B36}.Release|Any CPU.ActiveCfg = Release|Any CPU
		{BAEF343C-D39C-433F-8C71-087376565B36}.Release|Any CPU.Build.0 = Release|Any CPU
		{631DDC4A-815A-4164-A61D-43147F1F7F8C}.Debug|Any CPU.ActiveCfg = Debug|Any CPU
		{631DDC4A-815A-4164-A61D-43147F1F7F8C}.Debug|Any CPU.Build.0 = Debug|Any CPU
		{631DDC4A-815A-4164-A61D-43147F1F7F8C}.Release|Any CPU.ActiveCfg = Release|Any CPU
		{631DDC4A-815A-4164-A61D-43147F1F7F8C}.Release|Any CPU.Build.0 = Release|Any CPU
		{47F5D4F5-CA52-4B10-A374-9978A46B8D46}.Debug|Any CPU.ActiveCfg = Debug|Any CPU
		{47F5D4F5-CA52-4B10-A374-9978A46B8D46}.Debug|Any CPU.Build.0 = Debug|Any CPU
		{47F5D4F5-CA52-4B10-A374-9978A46B8D46}.Release|Any CPU.ActiveCfg = Release|Any CPU
		{47F5D4F5-CA52-4B10-A374-9978A46B8D46}.Release|Any CPU.Build.0 = Release|Any CPU
		{EB910112-72CE-4EF6-9877-76BCBF4A8AD8}.Debug|Any CPU.ActiveCfg = Debug|Any CPU
		{EB910112-72CE-4EF6-9877-76BCBF4A8AD8}.Debug|Any CPU.Build.0 = Debug|Any CPU
		{EB910112-72CE-4EF6-9877-76BCBF4A8AD8}.Release|Any CPU.ActiveCfg = Release|Any CPU
		{EB910112-72CE-4EF6-9877-76BCBF4A8AD8}.Release|Any CPU.Build.0 = Release|Any CPU
		{0C9A80E3-A2CD-48AB-B112-455903CAF419}.Debug|Any CPU.ActiveCfg = Debug|Any CPU
		{0C9A80E3-A2CD-48AB-B112-455903CAF419}.Debug|Any CPU.Build.0 = Debug|Any CPU
		{0C9A80E3-A2CD-48AB-B112-455903CAF419}.Release|Any CPU.ActiveCfg = Release|Any CPU
		{0C9A80E3-A2CD-48AB-B112-455903CAF419}.Release|Any CPU.Build.0 = Release|Any CPU
		{DE1C57FD-FD67-414E-BB3E-1567C2ED3CE7}.Debug|Any CPU.ActiveCfg = Debug|Any CPU
		{DE1C57FD-FD67-414E-BB3E-1567C2ED3CE7}.Debug|Any CPU.Build.0 = Debug|Any CPU
		{DE1C57FD-FD67-414E-BB3E-1567C2ED3CE7}.Release|Any CPU.ActiveCfg = Release|Any CPU
		{DE1C57FD-FD67-414E-BB3E-1567C2ED3CE7}.Release|Any CPU.Build.0 = Release|Any CPU
		{FA6F76E6-841E-427A-9418-4FAC3D170AB2}.Debug|Any CPU.ActiveCfg = Debug|Any CPU
		{FA6F76E6-841E-427A-9418-4FAC3D170AB2}.Debug|Any CPU.Build.0 = Debug|Any CPU
		{FA6F76E6-841E-427A-9418-4FAC3D170AB2}.Release|Any CPU.ActiveCfg = Release|Any CPU
		{FA6F76E6-841E-427A-9418-4FAC3D170AB2}.Release|Any CPU.Build.0 = Release|Any CPU
		{E1E7D32C-D9FF-4477-99E6-592240BCA153}.Debug|Any CPU.ActiveCfg = Debug|Any CPU
		{E1E7D32C-D9FF-4477-99E6-592240BCA153}.Debug|Any CPU.Build.0 = Debug|Any CPU
		{E1E7D32C-D9FF-4477-99E6-592240BCA153}.Release|Any CPU.ActiveCfg = Release|Any CPU
		{E1E7D32C-D9FF-4477-99E6-592240BCA153}.Release|Any CPU.Build.0 = Release|Any CPU
		{DE095302-D0C7-4C69-A8AE-E524350717BD}.Debug|Any CPU.ActiveCfg = Debug|Any CPU
		{DE095302-D0C7-4C69-A8AE-E524350717BD}.Debug|Any CPU.Build.0 = Debug|Any CPU
		{DE095302-D0C7-4C69-A8AE-E524350717BD}.Release|Any CPU.ActiveCfg = Release|Any CPU
		{DE095302-D0C7-4C69-A8AE-E524350717BD}.Release|Any CPU.Build.0 = Release|Any CPU
		{83AE2CD4-5955-47D2-A585-C0286D7CF111}.Debug|Any CPU.ActiveCfg = Debug|Any CPU
		{83AE2CD4-5955-47D2-A585-C0286D7CF111}.Debug|Any CPU.Build.0 = Debug|Any CPU
		{83AE2CD4-5955-47D2-A585-C0286D7CF111}.Release|Any CPU.ActiveCfg = Release|Any CPU
		{83AE2CD4-5955-47D2-A585-C0286D7CF111}.Release|Any CPU.Build.0 = Release|Any CPU
		{72062413-236A-4BCE-BE40-BF7CC61B1701}.Debug|Any CPU.ActiveCfg = Debug|Any CPU
		{72062413-236A-4BCE-BE40-BF7CC61B1701}.Debug|Any CPU.Build.0 = Debug|Any CPU
		{72062413-236A-4BCE-BE40-BF7CC61B1701}.Release|Any CPU.ActiveCfg = Release|Any CPU
		{72062413-236A-4BCE-BE40-BF7CC61B1701}.Release|Any CPU.Build.0 = Release|Any CPU
		{5E90E7CC-200C-4488-BE42-D48040184ADD}.Debug|Any CPU.ActiveCfg = Debug|Any CPU
		{5E90E7CC-200C-4488-BE42-D48040184ADD}.Debug|Any CPU.Build.0 = Debug|Any CPU
		{5E90E7CC-200C-4488-BE42-D48040184ADD}.Release|Any CPU.ActiveCfg = Release|Any CPU
		{5E90E7CC-200C-4488-BE42-D48040184ADD}.Release|Any CPU.Build.0 = Release|Any CPU
		{0E069FA6-6C57-4BBC-8C4E-2A246E03E23A}.Debug|Any CPU.ActiveCfg = Debug|Any CPU
		{0E069FA6-6C57-4BBC-8C4E-2A246E03E23A}.Debug|Any CPU.Build.0 = Debug|Any CPU
		{0E069FA6-6C57-4BBC-8C4E-2A246E03E23A}.Release|Any CPU.ActiveCfg = Release|Any CPU
		{0E069FA6-6C57-4BBC-8C4E-2A246E03E23A}.Release|Any CPU.Build.0 = Release|Any CPU
		{B564A49F-4A54-43E9-8B66-A21413C9F532}.Debug|Any CPU.ActiveCfg = Debug|Any CPU
		{B564A49F-4A54-43E9-8B66-A21413C9F532}.Debug|Any CPU.Build.0 = Debug|Any CPU
		{B564A49F-4A54-43E9-8B66-A21413C9F532}.Release|Any CPU.ActiveCfg = Release|Any CPU
		{B564A49F-4A54-43E9-8B66-A21413C9F532}.Release|Any CPU.Build.0 = Release|Any CPU
		{34BBD554-CE77-4CF5-9AFA-C77A504F51C4}.Debug|Any CPU.ActiveCfg = Debug|Any CPU
		{34BBD554-CE77-4CF5-9AFA-C77A504F51C4}.Debug|Any CPU.Build.0 = Debug|Any CPU
		{34BBD554-CE77-4CF5-9AFA-C77A504F51C4}.Release|Any CPU.ActiveCfg = Release|Any CPU
		{34BBD554-CE77-4CF5-9AFA-C77A504F51C4}.Release|Any CPU.Build.0 = Release|Any CPU
		{1BAE7488-F76B-45F1-81D6-39B60EF17C94}.Debug|Any CPU.ActiveCfg = Debug|Any CPU
		{1BAE7488-F76B-45F1-81D6-39B60EF17C94}.Debug|Any CPU.Build.0 = Debug|Any CPU
		{1BAE7488-F76B-45F1-81D6-39B60EF17C94}.Release|Any CPU.ActiveCfg = Release|Any CPU
		{1BAE7488-F76B-45F1-81D6-39B60EF17C94}.Release|Any CPU.Build.0 = Release|Any CPU
		{19409D76-064C-4D52-9253-774328264FCB}.Debug|Any CPU.ActiveCfg = Debug|Any CPU
		{19409D76-064C-4D52-9253-774328264FCB}.Debug|Any CPU.Build.0 = Debug|Any CPU
		{19409D76-064C-4D52-9253-774328264FCB}.Release|Any CPU.ActiveCfg = Release|Any CPU
		{19409D76-064C-4D52-9253-774328264FCB}.Release|Any CPU.Build.0 = Release|Any CPU
	EndGlobalSection
EndGlobal
